// !$*UTF8*$!
{
	archiveVersion = 1;
	classes = {
	};
	objectVersion = 46;
	objects = {

/* Begin PBXBuildFile section */
		8550EE9E2059B62F00F5B9F9 /* SliderViewController.swift in Sources */ = {isa = PBXBuildFile; fileRef = 8550EE9D2059B62F00F5B9F9 /* SliderViewController.swift */; };
		8550EEA02059B6DC00F5B9F9 /* Feature.xib in Resources */ = {isa = PBXBuildFile; fileRef = 8550EE9F2059B6DC00F5B9F9 /* Feature.xib */; };
		8550EEA22059B8E500F5B9F9 /* FeatureView.swift in Sources */ = {isa = PBXBuildFile; fileRef = 8550EEA12059B8E500F5B9F9 /* FeatureView.swift */; };
		D910BBDE2052B10F00891E20 /* BasicInformationVC.swift in Sources */ = {isa = PBXBuildFile; fileRef = D910BBDD2052B10F00891E20 /* BasicInformationVC.swift */; };
		D910BBE02052B11E00891E20 /* BasicInformation.storyboard in Resources */ = {isa = PBXBuildFile; fileRef = D910BBDF2052B11E00891E20 /* BasicInformation.storyboard */; };
		D9369B8520525572008630F1 /* AppDelegate.swift in Sources */ = {isa = PBXBuildFile; fileRef = D9369B8420525572008630F1 /* AppDelegate.swift */; };
		D9369B8C20525572008630F1 /* Assets.xcassets in Resources */ = {isa = PBXBuildFile; fileRef = D9369B8B20525572008630F1 /* Assets.xcassets */; };
		D9369B8F20525572008630F1 /* LaunchScreen.storyboard in Resources */ = {isa = PBXBuildFile; fileRef = D9369B8D20525572008630F1 /* LaunchScreen.storyboard */; };
		D9369B9B20525D85008630F1 /* PageScroll.storyboard in Resources */ = {isa = PBXBuildFile; fileRef = D9369B9A20525D85008630F1 /* PageScroll.storyboard */; };
		D9369B9D20525D9C008630F1 /* PageScrollVC.swift in Sources */ = {isa = PBXBuildFile; fileRef = D9369B9C20525D9C008630F1 /* PageScrollVC.swift */; };
		D938642A2052EE6C005D368F /* UIViewExtension.swift in Sources */ = {isa = PBXBuildFile; fileRef = D93864292052EE6C005D368F /* UIViewExtension.swift */; };
		D947A38F2052D93D00F2F2BE /* BasicInformationVC_UILayout.swift in Sources */ = {isa = PBXBuildFile; fileRef = D947A38E2052D93D00F2F2BE /* BasicInformationVC_UILayout.swift */; };
		D947A3912052DAA400F2F2BE /* StoryboardEnumsAndIdentifiers.swift in Sources */ = {isa = PBXBuildFile; fileRef = D947A3902052DAA400F2F2BE /* StoryboardEnumsAndIdentifiers.swift */; };
/* End PBXBuildFile section */

/* Begin PBXFileReference section */
		8550EE9D2059B62F00F5B9F9 /* SliderViewController.swift */ = {isa = PBXFileReference; fileEncoding = 4; lastKnownFileType = sourcecode.swift; path = SliderViewController.swift; sourceTree = "<group>"; };
		8550EE9F2059B6DC00F5B9F9 /* Feature.xib */ = {isa = PBXFileReference; fileEncoding = 4; lastKnownFileType = file.xib; path = Feature.xib; sourceTree = "<group>"; };
		8550EEA12059B8E500F5B9F9 /* FeatureView.swift */ = {isa = PBXFileReference; fileEncoding = 4; lastKnownFileType = sourcecode.swift; path = FeatureView.swift; sourceTree = "<group>"; };
		D910BBDD2052B10F00891E20 /* BasicInformationVC.swift */ = {isa = PBXFileReference; fileEncoding = 4; lastKnownFileType = sourcecode.swift; path = BasicInformationVC.swift; sourceTree = "<group>"; };
		D910BBDF2052B11E00891E20 /* BasicInformation.storyboard */ = {isa = PBXFileReference; fileEncoding = 4; lastKnownFileType = file.storyboard; path = BasicInformation.storyboard; sourceTree = "<group>"; };
		D9369B8120525572008630F1 /* BallardsSurveyApp.app */ = {isa = PBXFileReference; explicitFileType = wrapper.application; includeInIndex = 0; path = BallardsSurveyApp.app; sourceTree = BUILT_PRODUCTS_DIR; };
		D9369B8420525572008630F1 /* AppDelegate.swift */ = {isa = PBXFileReference; lastKnownFileType = sourcecode.swift; path = AppDelegate.swift; sourceTree = "<group>"; };
		D9369B8B20525572008630F1 /* Assets.xcassets */ = {isa = PBXFileReference; lastKnownFileType = folder.assetcatalog; path = Assets.xcassets; sourceTree = "<group>"; };
		D9369B8E20525572008630F1 /* Base */ = {isa = PBXFileReference; lastKnownFileType = file.storyboard; name = Base; path = Base.lproj/LaunchScreen.storyboard; sourceTree = "<group>"; };
		D9369B9020525572008630F1 /* Info.plist */ = {isa = PBXFileReference; lastKnownFileType = text.plist.xml; path = Info.plist; sourceTree = "<group>"; };
		D9369B9A20525D85008630F1 /* PageScroll.storyboard */ = {isa = PBXFileReference; fileEncoding = 4; lastKnownFileType = file.storyboard; path = PageScroll.storyboard; sourceTree = "<group>"; };
		D9369B9C20525D9C008630F1 /* PageScrollVC.swift */ = {isa = PBXFileReference; fileEncoding = 4; lastKnownFileType = sourcecode.swift; path = PageScrollVC.swift; sourceTree = "<group>"; };
		D93864292052EE6C005D368F /* UIViewExtension.swift */ = {isa = PBXFileReference; fileEncoding = 4; lastKnownFileType = sourcecode.swift; path = UIViewExtension.swift; sourceTree = "<group>"; };
		D947A38E2052D93D00F2F2BE /* BasicInformationVC_UILayout.swift */ = {isa = PBXFileReference; fileEncoding = 4; lastKnownFileType = sourcecode.swift; path = BasicInformationVC_UILayout.swift; sourceTree = "<group>"; };
		D947A3902052DAA400F2F2BE /* StoryboardEnumsAndIdentifiers.swift */ = {isa = PBXFileReference; fileEncoding = 4; lastKnownFileType = sourcecode.swift; path = StoryboardEnumsAndIdentifiers.swift; sourceTree = "<group>"; };
/* End PBXFileReference section */

/* Begin PBXFrameworksBuildPhase section */
		D9369B7E20525572008630F1 /* Frameworks */ = {
			isa = PBXFrameworksBuildPhase;
			buildActionMask = 2147483647;
			files = (
			);
			runOnlyForDeploymentPostprocessing = 0;
		};
/* End PBXFrameworksBuildPhase section */

/* Begin PBXGroup section */
		D910BBDC2052B0E100891E20 /* BasicInformation */ = {
			isa = PBXGroup;
			children = (
				D910BBDF2052B11E00891E20 /* BasicInformation.storyboard */,
				D910BBDD2052B10F00891E20 /* BasicInformationVC.swift */,
				D947A38E2052D93D00F2F2BE /* BasicInformationVC_UILayout.swift */,
			);
			name = BasicInformation;
			sourceTree = "<group>";
		};
		D9369B7820525572008630F1 = {
			isa = PBXGroup;
			children = (
				D9369B8320525572008630F1 /* BallardsSurveyApp */,
				D9369B8220525572008630F1 /* Products */,
			);
			sourceTree = "<group>";
		};
		D9369B8220525572008630F1 /* Products */ = {
			isa = PBXGroup;
			children = (
				D9369B8120525572008630F1 /* BallardsSurveyApp.app */,
			);
			name = Products;
			sourceTree = "<group>";
		};
		D9369B8320525572008630F1 /* BallardsSurveyApp */ = {
			isa = PBXGroup;
			children = (
				D9369B9920525D5E008630F1 /* InitialVCPageScroll */,
				D910BBDC2052B0E100891E20 /* BasicInformation */,
				D9369B8420525572008630F1 /* AppDelegate.swift */,
				D93864292052EE6C005D368F /* UIViewExtension.swift */,
				D947A3902052DAA400F2F2BE /* StoryboardEnumsAndIdentifiers.swift */,
				D9369B8B20525572008630F1 /* Assets.xcassets */,
				D9369B8D20525572008630F1 /* LaunchScreen.storyboard */,
				D9369B9020525572008630F1 /* Info.plist */,
			);
			path = BallardsSurveyApp;
			sourceTree = "<group>";
		};
		D9369B9920525D5E008630F1 /* InitialVCPageScroll */ = {
			isa = PBXGroup;
			children = (
				8550EEA12059B8E500F5B9F9 /* FeatureView.swift */,
				8550EE9F2059B6DC00F5B9F9 /* Feature.xib */,
				8550EE9D2059B62F00F5B9F9 /* SliderViewController.swift */,
				D9369B9A20525D85008630F1 /* PageScroll.storyboard */,
				D9369B9C20525D9C008630F1 /* PageScrollVC.swift */,
			);
			name = InitialVCPageScroll;
			sourceTree = "<group>";
		};
/* End PBXGroup section */

/* Begin PBXNativeTarget section */
		D9369B8020525572008630F1 /* BallardsSurveyApp */ = {
			isa = PBXNativeTarget;
			buildConfigurationList = D9369B9320525572008630F1 /* Build configuration list for PBXNativeTarget "BallardsSurveyApp" */;
			buildPhases = (
				D9369B7D20525572008630F1 /* Sources */,
				D9369B7E20525572008630F1 /* Frameworks */,
				D9369B7F20525572008630F1 /* Resources */,
			);
			buildRules = (
			);
			dependencies = (
			);
			name = BallardsSurveyApp;
			productName = BallardsSurveyApp;
			productReference = D9369B8120525572008630F1 /* BallardsSurveyApp.app */;
			productType = "com.apple.product-type.application";
		};
/* End PBXNativeTarget section */

/* Begin PBXProject section */
		D9369B7920525572008630F1 /* Project object */ = {
			isa = PBXProject;
			attributes = {
				LastSwiftUpdateCheck = 0800;
				LastUpgradeCheck = 0800;
				ORGANIZATIONNAME = "Parthib Biswas";
				TargetAttributes = {
					D9369B8020525572008630F1 = {
						CreatedOnToolsVersion = 8.0;
						DevelopmentTeam = YGJEZ25G4C;
						ProvisioningStyle = Automatic;
					};
				};
			};
			buildConfigurationList = D9369B7C20525572008630F1 /* Build configuration list for PBXProject "BallardsSurveyApp" */;
			compatibilityVersion = "Xcode 3.2";
			developmentRegion = English;
			hasScannedForEncodings = 0;
			knownRegions = (
				en,
				Base,
			);
			mainGroup = D9369B7820525572008630F1;
			productRefGroup = D9369B8220525572008630F1 /* Products */;
			projectDirPath = "";
			projectRoot = "";
			targets = (
				D9369B8020525572008630F1 /* BallardsSurveyApp */,
			);
		};
/* End PBXProject section */

/* Begin PBXResourcesBuildPhase section */
		D9369B7F20525572008630F1 /* Resources */ = {
			isa = PBXResourcesBuildPhase;
			buildActionMask = 2147483647;
			files = (
				D910BBE02052B11E00891E20 /* BasicInformation.storyboard in Resources */,
				8550EEA02059B6DC00F5B9F9 /* Feature.xib in Resources */,
				D9369B9B20525D85008630F1 /* PageScroll.storyboard in Resources */,
				D9369B8F20525572008630F1 /* LaunchScreen.storyboard in Resources */,
				D9369B8C20525572008630F1 /* Assets.xcassets in Resources */,
			);
			runOnlyForDeploymentPostprocessing = 0;
		};
/* End PBXResourcesBuildPhase section */

/* Begin PBXSourcesBuildPhase section */
		D9369B7D20525572008630F1 /* Sources */ = {
			isa = PBXSourcesBuildPhase;
			buildActionMask = 2147483647;
			files = (
				D938642A2052EE6C005D368F /* UIViewExtension.swift in Sources */,
				8550EE9E2059B62F00F5B9F9 /* SliderViewController.swift in Sources */,
				D910BBDE2052B10F00891E20 /* BasicInformationVC.swift in Sources */,
				8550EEA22059B8E500F5B9F9 /* FeatureView.swift in Sources */,
				D947A3912052DAA400F2F2BE /* StoryboardEnumsAndIdentifiers.swift in Sources */,
				D9369B9D20525D9C008630F1 /* PageScrollVC.swift in Sources */,
				D947A38F2052D93D00F2F2BE /* BasicInformationVC_UILayout.swift in Sources */,
				D9369B8520525572008630F1 /* AppDelegate.swift in Sources */,
			);
			runOnlyForDeploymentPostprocessing = 0;
		};
/* End PBXSourcesBuildPhase section */

/* Begin PBXVariantGroup section */
		D9369B8D20525572008630F1 /* LaunchScreen.storyboard */ = {
			isa = PBXVariantGroup;
			children = (
				D9369B8E20525572008630F1 /* Base */,
			);
			name = LaunchScreen.storyboard;
			sourceTree = "<group>";
		};
/* End PBXVariantGroup section */

/* Begin XCBuildConfiguration section */
		D9369B9120525572008630F1 /* Debug */ = {
			isa = XCBuildConfiguration;
			buildSettings = {
				ALWAYS_SEARCH_USER_PATHS = NO;
				CLANG_ANALYZER_NONNULL = YES;
				CLANG_CXX_LANGUAGE_STANDARD = "gnu++0x";
				CLANG_CXX_LIBRARY = "libc++";
				CLANG_ENABLE_MODULES = YES;
				CLANG_ENABLE_OBJC_ARC = YES;
				CLANG_WARN_BOOL_CONVERSION = YES;
				CLANG_WARN_CONSTANT_CONVERSION = YES;
				CLANG_WARN_DIRECT_OBJC_ISA_USAGE = YES_ERROR;
				CLANG_WARN_DOCUMENTATION_COMMENTS = YES;
				CLANG_WARN_EMPTY_BODY = YES;
				CLANG_WARN_ENUM_CONVERSION = YES;
				CLANG_WARN_INFINITE_RECURSION = YES;
				CLANG_WARN_INT_CONVERSION = YES;
				CLANG_WARN_OBJC_ROOT_CLASS = YES_ERROR;
				CLANG_WARN_SUSPICIOUS_MOVES = YES;
				CLANG_WARN_UNREACHABLE_CODE = YES;
				CLANG_WARN__DUPLICATE_METHOD_MATCH = YES;
				"CODE_SIGN_IDENTITY[sdk=iphoneos*]" = "iPhone Developer";
				COPY_PHASE_STRIP = NO;
				DEBUG_INFORMATION_FORMAT = dwarf;
				ENABLE_STRICT_OBJC_MSGSEND = YES;
				ENABLE_TESTABILITY = YES;
				GCC_C_LANGUAGE_STANDARD = gnu99;
				GCC_DYNAMIC_NO_PIC = NO;
				GCC_NO_COMMON_BLOCKS = YES;
				GCC_OPTIMIZATION_LEVEL = 0;
				GCC_PREPROCESSOR_DEFINITIONS = (
					"DEBUG=1",
					"$(inherited)",
				);
				GCC_WARN_64_TO_32_BIT_CONVERSION = YES;
				GCC_WARN_ABOUT_RETURN_TYPE = YES_ERROR;
				GCC_WARN_UNDECLARED_SELECTOR = YES;
				GCC_WARN_UNINITIALIZED_AUTOS = YES_AGGRESSIVE;
				GCC_WARN_UNUSED_FUNCTION = YES;
				GCC_WARN_UNUSED_VARIABLE = YES;
				IPHONEOS_DEPLOYMENT_TARGET = 10.0;
				MTL_ENABLE_DEBUG_INFO = YES;
				ONLY_ACTIVE_ARCH = YES;
				SDKROOT = iphoneos;
				SWIFT_ACTIVE_COMPILATION_CONDITIONS = DEBUG;
				SWIFT_OPTIMIZATION_LEVEL = "-Onone";
			};
			name = Debug;
		};
		D9369B9220525572008630F1 /* Release */ = {
			isa = XCBuildConfiguration;
			buildSettings = {
				ALWAYS_SEARCH_USER_PATHS = NO;
				CLANG_ANALYZER_NONNULL = YES;
				CLANG_CXX_LANGUAGE_STANDARD = "gnu++0x";
				CLANG_CXX_LIBRARY = "libc++";
				CLANG_ENABLE_MODULES = YES;
				CLANG_ENABLE_OBJC_ARC = YES;
				CLANG_WARN_BOOL_CONVERSION = YES;
				CLANG_WARN_CONSTANT_CONVERSION = YES;
				CLANG_WARN_DIRECT_OBJC_ISA_USAGE = YES_ERROR;
				CLANG_WARN_DOCUMENTATION_COMMENTS = YES;
				CLANG_WARN_EMPTY_BODY = YES;
				CLANG_WARN_ENUM_CONVERSION = YES;
				CLANG_WARN_INFINITE_RECURSION = YES;
				CLANG_WARN_INT_CONVERSION = YES;
				CLANG_WARN_OBJC_ROOT_CLASS = YES_ERROR;
				CLANG_WARN_SUSPICIOUS_MOVES = YES;
				CLANG_WARN_UNREACHABLE_CODE = YES;
				CLANG_WARN__DUPLICATE_METHOD_MATCH = YES;
				"CODE_SIGN_IDENTITY[sdk=iphoneos*]" = "iPhone Developer";
				COPY_PHASE_STRIP = NO;
				DEBUG_INFORMATION_FORMAT = "dwarf-with-dsym";
				ENABLE_NS_ASSERTIONS = NO;
				ENABLE_STRICT_OBJC_MSGSEND = YES;
				GCC_C_LANGUAGE_STANDARD = gnu99;
				GCC_NO_COMMON_BLOCKS = YES;
				GCC_WARN_64_TO_32_BIT_CONVERSION = YES;
				GCC_WARN_ABOUT_RETURN_TYPE = YES_ERROR;
				GCC_WARN_UNDECLARED_SELECTOR = YES;
				GCC_WARN_UNINITIALIZED_AUTOS = YES_AGGRESSIVE;
				GCC_WARN_UNUSED_FUNCTION = YES;
				GCC_WARN_UNUSED_VARIABLE = YES;
				IPHONEOS_DEPLOYMENT_TARGET = 10.0;
				MTL_ENABLE_DEBUG_INFO = NO;
				SDKROOT = iphoneos;
				SWIFT_OPTIMIZATION_LEVEL = "-Owholemodule";
				VALIDATE_PRODUCT = YES;
			};
			name = Release;
		};
		D9369B9420525572008630F1 /* Debug */ = {
			isa = XCBuildConfiguration;
			buildSettings = {
				ASSETCATALOG_COMPILER_APPICON_NAME = AppIcon;
				DEVELOPMENT_TEAM = YGJEZ25G4C;
				INFOPLIST_FILE = BallardsSurveyApp/Info.plist;
				IPHONEOS_DEPLOYMENT_TARGET = 10.0;
				LD_RUNPATH_SEARCH_PATHS = "$(inherited) @executable_path/Frameworks";
				PRODUCT_BUNDLE_IDENTIFIER = com.DeusExMachina.BallardsSurveyApp;
				PRODUCT_NAME = "$(TARGET_NAME)";
				SWIFT_VERSION = 3.0;
				TARGETED_DEVICE_FAMILY = "1,2";
			};
			name = Debug;
		};
		D9369B9520525572008630F1 /* Release */ = {
			isa = XCBuildConfiguration;
			buildSettings = {
				ASSETCATALOG_COMPILER_APPICON_NAME = AppIcon;
				DEVELOPMENT_TEAM = YGJEZ25G4C;
				INFOPLIST_FILE = BallardsSurveyApp/Info.plist;
				IPHONEOS_DEPLOYMENT_TARGET = 10.0;
				LD_RUNPATH_SEARCH_PATHS = "$(inherited) @executable_path/Frameworks";
				PRODUCT_BUNDLE_IDENTIFIER = com.DeusExMachina.BallardsSurveyApp;
				PRODUCT_NAME = "$(TARGET_NAME)";
				SWIFT_VERSION = 3.0;
				TARGETED_DEVICE_FAMILY = "1,2";
			};
			name = Release;
		};
/* End XCBuildConfiguration section */

/* Begin XCConfigurationList section */
		D9369B7C20525572008630F1 /* Build configuration list for PBXProject "BallardsSurveyApp" */ = {
			isa = XCConfigurationList;
			buildConfigurations = (
				D9369B9120525572008630F1 /* Debug */,
				D9369B9220525572008630F1 /* Release */,
			);
			defaultConfigurationIsVisible = 0;
			defaultConfigurationName = Release;
		};
		D9369B9320525572008630F1 /* Build configuration list for PBXNativeTarget "BallardsSurveyApp" */ = {
			isa = XCConfigurationList;
			buildConfigurations = (
				D9369B9420525572008630F1 /* Debug */,
				D9369B9520525572008630F1 /* Release */,
			);
			defaultConfigurationIsVisible = 0;
			defaultConfigurationName = Release;
		};
/* End XCConfigurationList section */
	};
	rootObject = D9369B7920525572008630F1 /* Project object */;
}
